// !$*UTF8*$!
{
	archiveVersion = 1;
	classes = {
	};
	objectVersion = 50;
	objects = {

/* Begin PBXBuildFile section */
		C4563CE92549F18400FAB781 /* AppDelegate.swift in Sources */ = {isa = PBXBuildFile; fileRef = C4563CE82549F18400FAB781 /* AppDelegate.swift */; };
		C4563CED2549F18400FAB781 /* SinglePostViewController.swift in Sources */ = {isa = PBXBuildFile; fileRef = C4563CEC2549F18400FAB781 /* SinglePostViewController.swift */; };
		C4563CF52549F18500FAB781 /* Assets.xcassets in Resources */ = {isa = PBXBuildFile; fileRef = C4563CF42549F18500FAB781 /* Assets.xcassets */; };
		C4563CF82549F18500FAB781 /* LaunchScreen.storyboard in Resources */ = {isa = PBXBuildFile; fileRef = C4563CF62549F18500FAB781 /* LaunchScreen.storyboard */; };
		C4563D032549F18500FAB781 /* RedditClientTests.swift in Sources */ = {isa = PBXBuildFile; fileRef = C4563D022549F18500FAB781 /* RedditClientTests.swift */; };
		C4563D0E2549F18500FAB781 /* RedditClientUITests.swift in Sources */ = {isa = PBXBuildFile; fileRef = C4563D0D2549F18500FAB781 /* RedditClientUITests.swift */; };
		C4563D242549F23B00FAB781 /* RedditRepository.swift in Sources */ = {isa = PBXBuildFile; fileRef = C4563D1C2549F23B00FAB781 /* RedditRepository.swift */; };
		C4563D252549F23B00FAB781 /* Cache.swift in Sources */ = {isa = PBXBuildFile; fileRef = C4563D1D2549F23B00FAB781 /* Cache.swift */; };
		C4563D262549F23B00FAB781 /* PostID.swift in Sources */ = {isa = PBXBuildFile; fileRef = C4563D1E2549F23B00FAB781 /* PostID.swift */; };
		C4563D272549F23B00FAB781 /* RedditAPI.swift in Sources */ = {isa = PBXBuildFile; fileRef = C4563D1F2549F23B00FAB781 /* RedditAPI.swift */; };
		C4563D292549F23B00FAB781 /* RedditService.swift in Sources */ = {isa = PBXBuildFile; fileRef = C4563D212549F23B00FAB781 /* RedditService.swift */; };
		C4563D2A2549F23B00FAB781 /* ApplicationStore.swift in Sources */ = {isa = PBXBuildFile; fileRef = C4563D222549F23B00FAB781 /* ApplicationStore.swift */; };
		C4563D2B2549F23B00FAB781 /* ThreadSafe.swift in Sources */ = {isa = PBXBuildFile; fileRef = C4563D232549F23B00FAB781 /* ThreadSafe.swift */; };
		C4563D332549F7F600FAB781 /* Thumbnail.swift in Sources */ = {isa = PBXBuildFile; fileRef = C4563D322549F7F600FAB781 /* Thumbnail.swift */; };
		C4563D352549F82600FAB781 /* Vote.swift in Sources */ = {isa = PBXBuildFile; fileRef = C4563D342549F82600FAB781 /* Vote.swift */; };
		C4563D372549F98100FAB781 /* Post.swift in Sources */ = {isa = PBXBuildFile; fileRef = C4563D362549F98100FAB781 /* Post.swift */; };
		C4563D392549F9A400FAB781 /* ImageDescription.swift in Sources */ = {isa = PBXBuildFile; fileRef = C4563D382549F9A400FAB781 /* ImageDescription.swift */; };
		C4563D3D2549FA7F00FAB781 /* RedditEntity.swift in Sources */ = {isa = PBXBuildFile; fileRef = C4563D3C2549FA7F00FAB781 /* RedditEntity.swift */; };
		C4563D3F2549FABB00FAB781 /* PostPreview.swift in Sources */ = {isa = PBXBuildFile; fileRef = C4563D3E2549FABB00FAB781 /* PostPreview.swift */; };
		C4563D432549FBFB00FAB781 /* PostView.swift in Sources */ = {isa = PBXBuildFile; fileRef = C4563D422549FBFB00FAB781 /* PostView.swift */; };
		C48C9C57254A1707007EB11A /* PostPresentation.swift in Sources */ = {isa = PBXBuildFile; fileRef = C48C9C56254A1707007EB11A /* PostPresentation.swift */; };
		C4DDFCB4254F034E0099BFA6 /* ApplicationColor.swift in Sources */ = {isa = PBXBuildFile; fileRef = C4DDFCB3254F034E0099BFA6 /* ApplicationColor.swift */; };
		C4DDFCB6254F05C10099BFA6 /* ApplicationIcon.swift in Sources */ = {isa = PBXBuildFile; fileRef = C4DDFCB5254F05C10099BFA6 /* ApplicationIcon.swift */; };
/* End PBXBuildFile section */

/* Begin PBXContainerItemProxy section */
		C4563CFF2549F18500FAB781 /* PBXContainerItemProxy */ = {
			isa = PBXContainerItemProxy;
			containerPortal = C4563CDD2549F18300FAB781 /* Project object */;
			proxyType = 1;
			remoteGlobalIDString = C4563CE42549F18300FAB781;
			remoteInfo = RedditClient;
		};
		C4563D0A2549F18500FAB781 /* PBXContainerItemProxy */ = {
			isa = PBXContainerItemProxy;
			containerPortal = C4563CDD2549F18300FAB781 /* Project object */;
			proxyType = 1;
			remoteGlobalIDString = C4563CE42549F18300FAB781;
			remoteInfo = RedditClient;
		};
/* End PBXContainerItemProxy section */

/* Begin PBXFileReference section */
		C4563CE52549F18400FAB781 /* Reddit.app */ = {isa = PBXFileReference; explicitFileType = wrapper.application; includeInIndex = 0; path = Reddit.app; sourceTree = BUILT_PRODUCTS_DIR; };
		C4563CE82549F18400FAB781 /* AppDelegate.swift */ = {isa = PBXFileReference; lastKnownFileType = sourcecode.swift; path = AppDelegate.swift; sourceTree = "<group>"; };
		C4563CEC2549F18400FAB781 /* SinglePostViewController.swift */ = {isa = PBXFileReference; lastKnownFileType = sourcecode.swift; path = SinglePostViewController.swift; sourceTree = "<group>"; };
		C4563CF42549F18500FAB781 /* Assets.xcassets */ = {isa = PBXFileReference; lastKnownFileType = folder.assetcatalog; path = Assets.xcassets; sourceTree = "<group>"; };
		C4563CF72549F18500FAB781 /* Base */ = {isa = PBXFileReference; lastKnownFileType = file.storyboard; name = Base; path = Base.lproj/LaunchScreen.storyboard; sourceTree = "<group>"; };
		C4563CF92549F18500FAB781 /* Info.plist */ = {isa = PBXFileReference; lastKnownFileType = text.plist.xml; path = Info.plist; sourceTree = "<group>"; };
		C4563CFE2549F18500FAB781 /* RedditClientTests.xctest */ = {isa = PBXFileReference; explicitFileType = wrapper.cfbundle; includeInIndex = 0; path = RedditClientTests.xctest; sourceTree = BUILT_PRODUCTS_DIR; };
		C4563D022549F18500FAB781 /* RedditClientTests.swift */ = {isa = PBXFileReference; lastKnownFileType = sourcecode.swift; path = RedditClientTests.swift; sourceTree = "<group>"; };
		C4563D042549F18500FAB781 /* Info.plist */ = {isa = PBXFileReference; lastKnownFileType = text.plist.xml; path = Info.plist; sourceTree = "<group>"; };
		C4563D092549F18500FAB781 /* RedditClientUITests.xctest */ = {isa = PBXFileReference; explicitFileType = wrapper.cfbundle; includeInIndex = 0; path = RedditClientUITests.xctest; sourceTree = BUILT_PRODUCTS_DIR; };
		C4563D0D2549F18500FAB781 /* RedditClientUITests.swift */ = {isa = PBXFileReference; lastKnownFileType = sourcecode.swift; path = RedditClientUITests.swift; sourceTree = "<group>"; };
		C4563D0F2549F18500FAB781 /* Info.plist */ = {isa = PBXFileReference; lastKnownFileType = text.plist.xml; path = Info.plist; sourceTree = "<group>"; };
		C4563D1C2549F23B00FAB781 /* RedditRepository.swift */ = {isa = PBXFileReference; fileEncoding = 4; lastKnownFileType = sourcecode.swift; path = RedditRepository.swift; sourceTree = "<group>"; };
		C4563D1D2549F23B00FAB781 /* Cache.swift */ = {isa = PBXFileReference; fileEncoding = 4; lastKnownFileType = sourcecode.swift; path = Cache.swift; sourceTree = "<group>"; };
		C4563D1E2549F23B00FAB781 /* PostID.swift */ = {isa = PBXFileReference; fileEncoding = 4; lastKnownFileType = sourcecode.swift; path = PostID.swift; sourceTree = "<group>"; };
		C4563D1F2549F23B00FAB781 /* RedditAPI.swift */ = {isa = PBXFileReference; fileEncoding = 4; lastKnownFileType = sourcecode.swift; path = RedditAPI.swift; sourceTree = "<group>"; };
		C4563D212549F23B00FAB781 /* RedditService.swift */ = {isa = PBXFileReference; fileEncoding = 4; lastKnownFileType = sourcecode.swift; path = RedditService.swift; sourceTree = "<group>"; };
		C4563D222549F23B00FAB781 /* ApplicationStore.swift */ = {isa = PBXFileReference; fileEncoding = 4; lastKnownFileType = sourcecode.swift; path = ApplicationStore.swift; sourceTree = "<group>"; };
		C4563D232549F23B00FAB781 /* ThreadSafe.swift */ = {isa = PBXFileReference; fileEncoding = 4; lastKnownFileType = sourcecode.swift; path = ThreadSafe.swift; sourceTree = "<group>"; };
		C4563D322549F7F600FAB781 /* Thumbnail.swift */ = {isa = PBXFileReference; lastKnownFileType = sourcecode.swift; path = Thumbnail.swift; sourceTree = "<group>"; };
		C4563D342549F82600FAB781 /* Vote.swift */ = {isa = PBXFileReference; lastKnownFileType = sourcecode.swift; path = Vote.swift; sourceTree = "<group>"; };
		C4563D362549F98100FAB781 /* Post.swift */ = {isa = PBXFileReference; lastKnownFileType = sourcecode.swift; path = Post.swift; sourceTree = "<group>"; };
		C4563D382549F9A400FAB781 /* ImageDescription.swift */ = {isa = PBXFileReference; lastKnownFileType = sourcecode.swift; path = ImageDescription.swift; sourceTree = "<group>"; };
		C4563D3C2549FA7F00FAB781 /* RedditEntity.swift */ = {isa = PBXFileReference; lastKnownFileType = sourcecode.swift; path = RedditEntity.swift; sourceTree = "<group>"; };
		C4563D3E2549FABB00FAB781 /* PostPreview.swift */ = {isa = PBXFileReference; lastKnownFileType = sourcecode.swift; path = PostPreview.swift; sourceTree = "<group>"; };
		C4563D422549FBFB00FAB781 /* PostView.swift */ = {isa = PBXFileReference; lastKnownFileType = sourcecode.swift; path = PostView.swift; sourceTree = "<group>"; };
		C48C9C56254A1707007EB11A /* PostPresentation.swift */ = {isa = PBXFileReference; lastKnownFileType = sourcecode.swift; path = PostPresentation.swift; sourceTree = "<group>"; };
		C4DDFCB3254F034E0099BFA6 /* ApplicationColor.swift */ = {isa = PBXFileReference; lastKnownFileType = sourcecode.swift; path = ApplicationColor.swift; sourceTree = "<group>"; };
		C4DDFCB5254F05C10099BFA6 /* ApplicationIcon.swift */ = {isa = PBXFileReference; lastKnownFileType = sourcecode.swift; path = ApplicationIcon.swift; sourceTree = "<group>"; };
/* End PBXFileReference section */

/* Begin PBXFrameworksBuildPhase section */
		C4563CE22549F18300FAB781 /* Frameworks */ = {
			isa = PBXFrameworksBuildPhase;
			buildActionMask = 2147483647;
			files = (
			);
			runOnlyForDeploymentPostprocessing = 0;
		};
		C4563CFB2549F18500FAB781 /* Frameworks */ = {
			isa = PBXFrameworksBuildPhase;
			buildActionMask = 2147483647;
			files = (
			);
			runOnlyForDeploymentPostprocessing = 0;
		};
		C4563D062549F18500FAB781 /* Frameworks */ = {
			isa = PBXFrameworksBuildPhase;
			buildActionMask = 2147483647;
			files = (
			);
			runOnlyForDeploymentPostprocessing = 0;
		};
/* End PBXFrameworksBuildPhase section */

/* Begin PBXGroup section */
		C4563CDC2549F18300FAB781 = {
			isa = PBXGroup;
			children = (
				C4563CE72549F18400FAB781 /* RedditClient */,
				C4563D012549F18500FAB781 /* RedditClientTests */,
				C4563D0C2549F18500FAB781 /* RedditClientUITests */,
				C4563CE62549F18400FAB781 /* Products */,
			);
			sourceTree = "<group>";
		};
		C4563CE62549F18400FAB781 /* Products */ = {
			isa = PBXGroup;
			children = (
				C4563CE52549F18400FAB781 /* Reddit.app */,
				C4563CFE2549F18500FAB781 /* RedditClientTests.xctest */,
				C4563D092549F18500FAB781 /* RedditClientUITests.xctest */,
			);
			name = Products;
			sourceTree = "<group>";
		};
		C4563CE72549F18400FAB781 /* RedditClient */ = {
			isa = PBXGroup;
			children = (
				C4563D312549F2E900FAB781 /* Views */,
				C4563D2F2549F2AC00FAB781 /* Presentation */,
				C4563D2E2549F2A900FAB781 /* Domain */,
				C4563D2C2549F2A200FAB781 /* Data */,
				C4563CE82549F18400FAB781 /* AppDelegate.swift */,
				C4563CF42549F18500FAB781 /* Assets.xcassets */,
				C4563CF62549F18500FAB781 /* LaunchScreen.storyboard */,
				C4563CF92549F18500FAB781 /* Info.plist */,
			);
			path = RedditClient;
			sourceTree = "<group>";
		};
		C4563D012549F18500FAB781 /* RedditClientTests */ = {
			isa = PBXGroup;
			children = (
				C4563D022549F18500FAB781 /* RedditClientTests.swift */,
				C4563D042549F18500FAB781 /* Info.plist */,
			);
			path = RedditClientTests;
			sourceTree = "<group>";
		};
		C4563D0C2549F18500FAB781 /* RedditClientUITests */ = {
			isa = PBXGroup;
			children = (
				C4563D0D2549F18500FAB781 /* RedditClientUITests.swift */,
				C4563D0F2549F18500FAB781 /* Info.plist */,
			);
			path = RedditClientUITests;
			sourceTree = "<group>";
		};
		C4563D2C2549F2A200FAB781 /* Data */ = {
			isa = PBXGroup;
			children = (
				C4563D222549F23B00FAB781 /* ApplicationStore.swift */,
				C4563D1D2549F23B00FAB781 /* Cache.swift */,
				C4563D1F2549F23B00FAB781 /* RedditAPI.swift */,
				C4563D212549F23B00FAB781 /* RedditService.swift */,
				C4563D1C2549F23B00FAB781 /* RedditRepository.swift */,
				C4563D232549F23B00FAB781 /* ThreadSafe.swift */,
				C4563D3C2549FA7F00FAB781 /* RedditEntity.swift */,
			);
			path = Data;
			sourceTree = "<group>";
		};
		C4563D2E2549F2A900FAB781 /* Domain */ = {
			isa = PBXGroup;
			children = (
				C4563D362549F98100FAB781 /* Post.swift */,
				C4563D1E2549F23B00FAB781 /* PostID.swift */,
				C4563D3E2549FABB00FAB781 /* PostPreview.swift */,
				C4563D382549F9A400FAB781 /* ImageDescription.swift */,
				C4563D342549F82600FAB781 /* Vote.swift */,
				C4563D322549F7F600FAB781 /* Thumbnail.swift */,
			);
			path = Domain;
			sourceTree = "<group>";
		};
		C4563D2F2549F2AC00FAB781 /* Presentation */ = {
			isa = PBXGroup;
			children = (
				C48C9C56254A1707007EB11A /* PostPresentation.swift */,
				C4DDFCB3254F034E0099BFA6 /* ApplicationColor.swift */,
				C4DDFCB5254F05C10099BFA6 /* ApplicationIcon.swift */,
			);
			path = Presentation;
			sourceTree = "<group>";
		};
		C4563D312549F2E900FAB781 /* Views */ = {
			isa = PBXGroup;
			children = (
				C4563CEC2549F18400FAB781 /* SinglePostViewController.swift */,
				C4563D422549FBFB00FAB781 /* PostView.swift */,
			);
			path = Views;
			sourceTree = "<group>";
		};
/* End PBXGroup section */

/* Begin PBXNativeTarget section */
		C4563CE42549F18300FAB781 /* RedditClient */ = {
			isa = PBXNativeTarget;
			buildConfigurationList = C4563D122549F18500FAB781 /* Build configuration list for PBXNativeTarget "RedditClient" */;
			buildPhases = (
				C4563CE12549F18300FAB781 /* Sources */,
				C4563CE22549F18300FAB781 /* Frameworks */,
				C4563CE32549F18300FAB781 /* Resources */,
			);
			buildRules = (
			);
			dependencies = (
			);
			name = RedditClient;
			productName = RedditClient;
			productReference = C4563CE52549F18400FAB781 /* Reddit.app */;
			productType = "com.apple.product-type.application";
		};
		C4563CFD2549F18500FAB781 /* RedditClientTests */ = {
			isa = PBXNativeTarget;
			buildConfigurationList = C4563D152549F18500FAB781 /* Build configuration list for PBXNativeTarget "RedditClientTests" */;
			buildPhases = (
				C4563CFA2549F18500FAB781 /* Sources */,
				C4563CFB2549F18500FAB781 /* Frameworks */,
				C4563CFC2549F18500FAB781 /* Resources */,
			);
			buildRules = (
			);
			dependencies = (
				C4563D002549F18500FAB781 /* PBXTargetDependency */,
			);
			name = RedditClientTests;
			productName = RedditClientTests;
			productReference = C4563CFE2549F18500FAB781 /* RedditClientTests.xctest */;
			productType = "com.apple.product-type.bundle.unit-test";
		};
		C4563D082549F18500FAB781 /* RedditClientUITests */ = {
			isa = PBXNativeTarget;
			buildConfigurationList = C4563D182549F18500FAB781 /* Build configuration list for PBXNativeTarget "RedditClientUITests" */;
			buildPhases = (
				C4563D052549F18500FAB781 /* Sources */,
				C4563D062549F18500FAB781 /* Frameworks */,
				C4563D072549F18500FAB781 /* Resources */,
			);
			buildRules = (
			);
			dependencies = (
				C4563D0B2549F18500FAB781 /* PBXTargetDependency */,
			);
			name = RedditClientUITests;
			productName = RedditClientUITests;
			productReference = C4563D092549F18500FAB781 /* RedditClientUITests.xctest */;
			productType = "com.apple.product-type.bundle.ui-testing";
		};
/* End PBXNativeTarget section */

/* Begin PBXProject section */
		C4563CDD2549F18300FAB781 /* Project object */ = {
			isa = PBXProject;
			attributes = {
				LastSwiftUpdateCheck = 1150;
				LastUpgradeCheck = 1150;
				ORGANIZATIONNAME = Yaroslav;
				TargetAttributes = {
					C4563CE42549F18300FAB781 = {
						CreatedOnToolsVersion = 11.5;
					};
					C4563CFD2549F18500FAB781 = {
						CreatedOnToolsVersion = 11.5;
						TestTargetID = C4563CE42549F18300FAB781;
					};
					C4563D082549F18500FAB781 = {
						CreatedOnToolsVersion = 11.5;
						TestTargetID = C4563CE42549F18300FAB781;
					};
				};
			};
			buildConfigurationList = C4563CE02549F18300FAB781 /* Build configuration list for PBXProject "RedditClient" */;
			compatibilityVersion = "Xcode 9.3";
			developmentRegion = en;
			hasScannedForEncodings = 0;
			knownRegions = (
				en,
				Base,
			);
			mainGroup = C4563CDC2549F18300FAB781;
			productRefGroup = C4563CE62549F18400FAB781 /* Products */;
			projectDirPath = "";
			projectRoot = "";
			targets = (
				C4563CE42549F18300FAB781 /* RedditClient */,
				C4563CFD2549F18500FAB781 /* RedditClientTests */,
				C4563D082549F18500FAB781 /* RedditClientUITests */,
			);
		};
/* End PBXProject section */

/* Begin PBXResourcesBuildPhase section */
		C4563CE32549F18300FAB781 /* Resources */ = {
			isa = PBXResourcesBuildPhase;
			buildActionMask = 2147483647;
			files = (
				C4563CF82549F18500FAB781 /* LaunchScreen.storyboard in Resources */,
				C4563CF52549F18500FAB781 /* Assets.xcassets in Resources */,
			);
			runOnlyForDeploymentPostprocessing = 0;
		};
		C4563CFC2549F18500FAB781 /* Resources */ = {
			isa = PBXResourcesBuildPhase;
			buildActionMask = 2147483647;
			files = (
			);
			runOnlyForDeploymentPostprocessing = 0;
		};
		C4563D072549F18500FAB781 /* Resources */ = {
			isa = PBXResourcesBuildPhase;
			buildActionMask = 2147483647;
			files = (
			);
			runOnlyForDeploymentPostprocessing = 0;
		};
/* End PBXResourcesBuildPhase section */

/* Begin PBXSourcesBuildPhase section */
		C4563CE12549F18300FAB781 /* Sources */ = {
			isa = PBXSourcesBuildPhase;
			buildActionMask = 2147483647;
			files = (
				C4563D2A2549F23B00FAB781 /* ApplicationStore.swift in Sources */,
				C4563D272549F23B00FAB781 /* RedditAPI.swift in Sources */,
				C4563D3D2549FA7F00FAB781 /* RedditEntity.swift in Sources */,
				C4563D292549F23B00FAB781 /* RedditService.swift in Sources */,
				C4DDFCB4254F034E0099BFA6 /* ApplicationColor.swift in Sources */,
				C48C9C57254A1707007EB11A /* PostPresentation.swift in Sources */,
				C4563D3F2549FABB00FAB781 /* PostPreview.swift in Sources */,
				C4563D372549F98100FAB781 /* Post.swift in Sources */,
				C4563D242549F23B00FAB781 /* RedditRepository.swift in Sources */,
				C4563CED2549F18400FAB781 /* SinglePostViewController.swift in Sources */,
				C4563CE92549F18400FAB781 /* AppDelegate.swift in Sources */,
				C4563D252549F23B00FAB781 /* Cache.swift in Sources */,
				C4DDFCB6254F05C10099BFA6 /* ApplicationIcon.swift in Sources */,
				C4563D432549FBFB00FAB781 /* PostView.swift in Sources */,
				C4563D262549F23B00FAB781 /* PostID.swift in Sources */,
				C4563D392549F9A400FAB781 /* ImageDescription.swift in Sources */,
				C4563D332549F7F600FAB781 /* Thumbnail.swift in Sources */,
				C4563D2B2549F23B00FAB781 /* ThreadSafe.swift in Sources */,
				C4563D352549F82600FAB781 /* Vote.swift in Sources */,
			);
			runOnlyForDeploymentPostprocessing = 0;
		};
		C4563CFA2549F18500FAB781 /* Sources */ = {
			isa = PBXSourcesBuildPhase;
			buildActionMask = 2147483647;
			files = (
				C4563D032549F18500FAB781 /* RedditClientTests.swift in Sources */,
			);
			runOnlyForDeploymentPostprocessing = 0;
		};
		C4563D052549F18500FAB781 /* Sources */ = {
			isa = PBXSourcesBuildPhase;
			buildActionMask = 2147483647;
			files = (
				C4563D0E2549F18500FAB781 /* RedditClientUITests.swift in Sources */,
			);
			runOnlyForDeploymentPostprocessing = 0;
		};
/* End PBXSourcesBuildPhase section */

/* Begin PBXTargetDependency section */
		C4563D002549F18500FAB781 /* PBXTargetDependency */ = {
			isa = PBXTargetDependency;
			target = C4563CE42549F18300FAB781 /* RedditClient */;
			targetProxy = C4563CFF2549F18500FAB781 /* PBXContainerItemProxy */;
		};
		C4563D0B2549F18500FAB781 /* PBXTargetDependency */ = {
			isa = PBXTargetDependency;
			target = C4563CE42549F18300FAB781 /* RedditClient */;
			targetProxy = C4563D0A2549F18500FAB781 /* PBXContainerItemProxy */;
		};
/* End PBXTargetDependency section */

/* Begin PBXVariantGroup section */
		C4563CF62549F18500FAB781 /* LaunchScreen.storyboard */ = {
			isa = PBXVariantGroup;
			children = (
				C4563CF72549F18500FAB781 /* Base */,
			);
			name = LaunchScreen.storyboard;
			sourceTree = "<group>";
		};
/* End PBXVariantGroup section */

/* Begin XCBuildConfiguration section */
		C4563D102549F18500FAB781 /* Debug */ = {
			isa = XCBuildConfiguration;
			buildSettings = {
				ALWAYS_SEARCH_USER_PATHS = NO;
				CLANG_ANALYZER_NONNULL = YES;
				CLANG_ANALYZER_NUMBER_OBJECT_CONVERSION = YES_AGGRESSIVE;
				CLANG_CXX_LANGUAGE_STANDARD = "gnu++14";
				CLANG_CXX_LIBRARY = "libc++";
				CLANG_ENABLE_MODULES = YES;
				CLANG_ENABLE_OBJC_ARC = YES;
				CLANG_ENABLE_OBJC_WEAK = YES;
				CLANG_WARN_BLOCK_CAPTURE_AUTORELEASING = YES;
				CLANG_WARN_BOOL_CONVERSION = YES;
				CLANG_WARN_COMMA = YES;
				CLANG_WARN_CONSTANT_CONVERSION = YES;
				CLANG_WARN_DEPRECATED_OBJC_IMPLEMENTATIONS = YES;
				CLANG_WARN_DIRECT_OBJC_ISA_USAGE = YES_ERROR;
				CLANG_WARN_DOCUMENTATION_COMMENTS = YES;
				CLANG_WARN_EMPTY_BODY = YES;
				CLANG_WARN_ENUM_CONVERSION = YES;
				CLANG_WARN_INFINITE_RECURSION = YES;
				CLANG_WARN_INT_CONVERSION = YES;
				CLANG_WARN_NON_LITERAL_NULL_CONVERSION = YES;
				CLANG_WARN_OBJC_IMPLICIT_RETAIN_SELF = YES;
				CLANG_WARN_OBJC_LITERAL_CONVERSION = YES;
				CLANG_WARN_OBJC_ROOT_CLASS = YES_ERROR;
				CLANG_WARN_RANGE_LOOP_ANALYSIS = YES;
				CLANG_WARN_STRICT_PROTOTYPES = YES;
				CLANG_WARN_SUSPICIOUS_MOVE = YES;
				CLANG_WARN_UNGUARDED_AVAILABILITY = YES_AGGRESSIVE;
				CLANG_WARN_UNREACHABLE_CODE = YES;
				CLANG_WARN__DUPLICATE_METHOD_MATCH = YES;
				COPY_PHASE_STRIP = NO;
				DEBUG_INFORMATION_FORMAT = dwarf;
				ENABLE_STRICT_OBJC_MSGSEND = YES;
				ENABLE_TESTABILITY = YES;
				GCC_C_LANGUAGE_STANDARD = gnu11;
				GCC_DYNAMIC_NO_PIC = NO;
				GCC_NO_COMMON_BLOCKS = YES;
				GCC_OPTIMIZATION_LEVEL = 0;
				GCC_PREPROCESSOR_DEFINITIONS = (
					"DEBUG=1",
					"$(inherited)",
				);
				GCC_WARN_64_TO_32_BIT_CONVERSION = YES;
				GCC_WARN_ABOUT_RETURN_TYPE = YES_ERROR;
				GCC_WARN_UNDECLARED_SELECTOR = YES;
				GCC_WARN_UNINITIALIZED_AUTOS = YES_AGGRESSIVE;
				GCC_WARN_UNUSED_FUNCTION = YES;
				GCC_WARN_UNUSED_VARIABLE = YES;
				IPHONEOS_DEPLOYMENT_TARGET = 13.5;
				MTL_ENABLE_DEBUG_INFO = INCLUDE_SOURCE;
				MTL_FAST_MATH = YES;
				ONLY_ACTIVE_ARCH = YES;
				SDKROOT = iphoneos;
				SWIFT_ACTIVE_COMPILATION_CONDITIONS = DEBUG;
				SWIFT_OPTIMIZATION_LEVEL = "-Onone";
			};
			name = Debug;
		};
		C4563D112549F18500FAB781 /* Release */ = {
			isa = XCBuildConfiguration;
			buildSettings = {
				ALWAYS_SEARCH_USER_PATHS = NO;
				CLANG_ANALYZER_NONNULL = YES;
				CLANG_ANALYZER_NUMBER_OBJECT_CONVERSION = YES_AGGRESSIVE;
				CLANG_CXX_LANGUAGE_STANDARD = "gnu++14";
				CLANG_CXX_LIBRARY = "libc++";
				CLANG_ENABLE_MODULES = YES;
				CLANG_ENABLE_OBJC_ARC = YES;
				CLANG_ENABLE_OBJC_WEAK = YES;
				CLANG_WARN_BLOCK_CAPTURE_AUTORELEASING = YES;
				CLANG_WARN_BOOL_CONVERSION = YES;
				CLANG_WARN_COMMA = YES;
				CLANG_WARN_CONSTANT_CONVERSION = YES;
				CLANG_WARN_DEPRECATED_OBJC_IMPLEMENTATIONS = YES;
				CLANG_WARN_DIRECT_OBJC_ISA_USAGE = YES_ERROR;
				CLANG_WARN_DOCUMENTATION_COMMENTS = YES;
				CLANG_WARN_EMPTY_BODY = YES;
				CLANG_WARN_ENUM_CONVERSION = YES;
				CLANG_WARN_INFINITE_RECURSION = YES;
				CLANG_WARN_INT_CONVERSION = YES;
				CLANG_WARN_NON_LITERAL_NULL_CONVERSION = YES;
				CLANG_WARN_OBJC_IMPLICIT_RETAIN_SELF = YES;
				CLANG_WARN_OBJC_LITERAL_CONVERSION = YES;
				CLANG_WARN_OBJC_ROOT_CLASS = YES_ERROR;
				CLANG_WARN_RANGE_LOOP_ANALYSIS = YES;
				CLANG_WARN_STRICT_PROTOTYPES = YES;
				CLANG_WARN_SUSPICIOUS_MOVE = YES;
				CLANG_WARN_UNGUARDED_AVAILABILITY = YES_AGGRESSIVE;
				CLANG_WARN_UNREACHABLE_CODE = YES;
				CLANG_WARN__DUPLICATE_METHOD_MATCH = YES;
				COPY_PHASE_STRIP = NO;
				DEBUG_INFORMATION_FORMAT = "dwarf-with-dsym";
				ENABLE_NS_ASSERTIONS = NO;
				ENABLE_STRICT_OBJC_MSGSEND = YES;
				GCC_C_LANGUAGE_STANDARD = gnu11;
				GCC_NO_COMMON_BLOCKS = YES;
				GCC_WARN_64_TO_32_BIT_CONVERSION = YES;
				GCC_WARN_ABOUT_RETURN_TYPE = YES_ERROR;
				GCC_WARN_UNDECLARED_SELECTOR = YES;
				GCC_WARN_UNINITIALIZED_AUTOS = YES_AGGRESSIVE;
				GCC_WARN_UNUSED_FUNCTION = YES;
				GCC_WARN_UNUSED_VARIABLE = YES;
				IPHONEOS_DEPLOYMENT_TARGET = 13.5;
				MTL_ENABLE_DEBUG_INFO = NO;
				MTL_FAST_MATH = YES;
				SDKROOT = iphoneos;
				SWIFT_COMPILATION_MODE = wholemodule;
				SWIFT_OPTIMIZATION_LEVEL = "-O";
				VALIDATE_PRODUCT = YES;
			};
			name = Release;
		};
		C4563D132549F18500FAB781 /* Debug */ = {
			isa = XCBuildConfiguration;
			buildSettings = {
				ASSETCATALOG_COMPILER_APPICON_NAME = AppIcon;
				CODE_SIGN_STYLE = Automatic;
				DEVELOPMENT_TEAM = GJ2GCHCH5D;
				INFOPLIST_FILE = RedditClient/Info.plist;
				IPHONEOS_DEPLOYMENT_TARGET = 12.0;
				LD_RUNPATH_SEARCH_PATHS = (
					"$(inherited)",
					"@executable_path/Frameworks",
				);
				MARKETING_VERSION = 0.1.0;
				PRODUCT_BUNDLE_IDENTIFIER = ua.edu.ukma.ios.RedditClient;
				PRODUCT_NAME = Reddit;
				SWIFT_VERSION = 5.0;
				TARGETED_DEVICE_FAMILY = 1;
			};
			name = Debug;
		};
		C4563D142549F18500FAB781 /* Release */ = {
			isa = XCBuildConfiguration;
			buildSettings = {
				ASSETCATALOG_COMPILER_APPICON_NAME = AppIcon;
				CODE_SIGN_STYLE = Automatic;
				DEVELOPMENT_TEAM = GJ2GCHCH5D;
				INFOPLIST_FILE = RedditClient/Info.plist;
				IPHONEOS_DEPLOYMENT_TARGET = 12.0;
				LD_RUNPATH_SEARCH_PATHS = (
					"$(inherited)",
					"@executable_path/Frameworks",
				);
				MARKETING_VERSION = 0.1.0;
				PRODUCT_BUNDLE_IDENTIFIER = ua.edu.ukma.ios.RedditClient;
				PRODUCT_NAME = Reddit;
				SWIFT_VERSION = 5.0;
				TARGETED_DEVICE_FAMILY = 1;
			};
			name = Release;
		};
		C4563D162549F18500FAB781 /* Debug */ = {
			isa = XCBuildConfiguration;
			buildSettings = {
				ALWAYS_EMBED_SWIFT_STANDARD_LIBRARIES = YES;
				BUNDLE_LOADER = "$(TEST_HOST)";
				CODE_SIGN_STYLE = Automatic;
				DEVELOPMENT_TEAM = GJ2GCHCH5D;
				INFOPLIST_FILE = RedditClientTests/Info.plist;
				IPHONEOS_DEPLOYMENT_TARGET = 13.5;
				LD_RUNPATH_SEARCH_PATHS = (
					"$(inherited)",
					"@executable_path/Frameworks",
					"@loader_path/Frameworks",
				);
				PRODUCT_BUNDLE_IDENTIFIER = ua.edu.ukma.ios.RedditClientTests;
				PRODUCT_NAME = "$(TARGET_NAME)";
				SWIFT_VERSION = 5.0;
				TARGETED_DEVICE_FAMILY = "1,2";
				TEST_HOST = "$(BUILT_PRODUCTS_DIR)/RedditClient.app/RedditClient";
			};
			name = Debug;
		};
		C4563D172549F18500FAB781 /* Release */ = {
			isa = XCBuildConfiguration;
			buildSettings = {
				ALWAYS_EMBED_SWIFT_STANDARD_LIBRARIES = YES;
				BUNDLE_LOADER = "$(TEST_HOST)";
				CODE_SIGN_STYLE = Automatic;
				DEVELOPMENT_TEAM = GJ2GCHCH5D;
				INFOPLIST_FILE = RedditClientTests/Info.plist;
				IPHONEOS_DEPLOYMENT_TARGET = 13.5;
				LD_RUNPATH_SEARCH_PATHS = (
					"$(inherited)",
					"@executable_path/Frameworks",
					"@loader_path/Frameworks",
				);
				PRODUCT_BUNDLE_IDENTIFIER = ua.edu.ukma.ios.RedditClientTests;
				PRODUCT_NAME = "$(TARGET_NAME)";
				SWIFT_VERSION = 5.0;
				TARGETED_DEVICE_FAMILY = "1,2";
				TEST_HOST = "$(BUILT_PRODUCTS_DIR)/RedditClient.app/RedditClient";
			};
			name = Release;
		};
		C4563D192549F18500FAB781 /* Debug */ = {
			isa = XCBuildConfiguration;
			buildSettings = {
				ALWAYS_EMBED_SWIFT_STANDARD_LIBRARIES = YES;
				CODE_SIGN_STYLE = Automatic;
				DEVELOPMENT_TEAM = GJ2GCHCH5D;
				INFOPLIST_FILE = RedditClientUITests/Info.plist;
				LD_RUNPATH_SEARCH_PATHS = (
					"$(inherited)",
					"@executable_path/Frameworks",
					"@loader_path/Frameworks",
				);
				PRODUCT_BUNDLE_IDENTIFIER = ua.edu.ukma.ios.RedditClientUITests;
				PRODUCT_NAME = "$(TARGET_NAME)";
				SWIFT_VERSION = 5.0;
				TARGETED_DEVICE_FAMILY = "1,2";
				TEST_TARGET_NAME = RedditClient;
			};
			name = Debug;
		};
		C4563D1A2549F18500FAB781 /* Release */ = {
			isa = XCBuildConfiguration;
			buildSettings = {
				ALWAYS_EMBED_SWIFT_STANDARD_LIBRARIES = YES;
				CODE_SIGN_STYLE = Automatic;
				DEVELOPMENT_TEAM = GJ2GCHCH5D;
				INFOPLIST_FILE = RedditClientUITests/Info.plist;
				LD_RUNPATH_SEARCH_PATHS = (
					"$(inherited)",
					"@executable_path/Frameworks",
					"@loader_path/Frameworks",
				);
				PRODUCT_BUNDLE_IDENTIFIER = ua.edu.ukma.ios.RedditClientUITests;
				PRODUCT_NAME = "$(TARGET_NAME)";
				SWIFT_VERSION = 5.0;
				TARGETED_DEVICE_FAMILY = "1,2";
				TEST_TARGET_NAME = RedditClient;
			};
			name = Release;
		};
/* End XCBuildConfiguration section */

/* Begin XCConfigurationList section */
		C4563CE02549F18300FAB781 /* Build configuration list for PBXProject "RedditClient" */ = {
			isa = XCConfigurationList;
			buildConfigurations = (
				C4563D102549F18500FAB781 /* Debug */,
				C4563D112549F18500FAB781 /* Release */,
			);
			defaultConfigurationIsVisible = 0;
			defaultConfigurationName = Release;
		};
		C4563D122549F18500FAB781 /* Build configuration list for PBXNativeTarget "RedditClient" */ = {
			isa = XCConfigurationList;
			buildConfigurations = (
				C4563D132549F18500FAB781 /* Debug */,
				C4563D142549F18500FAB781 /* Release */,
			);
			defaultConfigurationIsVisible = 0;
			defaultConfigurationName = Release;
		};
		C4563D152549F18500FAB781 /* Build configuration list for PBXNativeTarget "RedditClientTests" */ = {
			isa = XCConfigurationList;
			buildConfigurations = (
				C4563D162549F18500FAB781 /* Debug */,
				C4563D172549F18500FAB781 /* Release */,
			);
			defaultConfigurationIsVisible = 0;
			defaultConfigurationName = Release;
		};
		C4563D182549F18500FAB781 /* Build configuration list for PBXNativeTarget "RedditClientUITests" */ = {
			isa = XCConfigurationList;
			buildConfigurations = (
				C4563D192549F18500FAB781 /* Debug */,
				C4563D1A2549F18500FAB781 /* Release */,
			);
			defaultConfigurationIsVisible = 0;
			defaultConfigurationName = Release;
		};
/* End XCConfigurationList section */
	};
	rootObject = C4563CDD2549F18300FAB781 /* Project object */;
}
